<Solution>
    <Folder Name="/etc/">
        <File Path="global.json" />
        <File Path="LICENSE.txt" />
        <File Path="Measure-Coverage.ps1" />
        <File Path="README.md" />
        <File Path=".editorconfig" />
        <File Path=".gitignore" />
        <File Path="Directory.Build.props" />
    </Folder>
    <Folder Name="/src/">
      <Folder Name="/QuantitiesDotNet.Shared/">
        <File Path="src/QuantitiesDotNet.Shared/PlatformCapabilities.cs" />
      </Folder>
      <Project Path="src/QuantitiesDotNet.Generators/QuantitiesDotNet.Generators.csproj" />
      <Project Path="src/QuantitiesDotNet.Sample/QuantitiesDotNet.Sample.csproj" />
      <Project Path="src/QuantitiesDotNet.Test/QuantitiesDotNet.Test.csproj" />
      <Project Path="src/QuantitiesDotNet/QuantitiesDotNet.csproj" />
    </Folder>
</Solution>
