<Solution>
  <Folder Name="/QuantitiesDotNet.Shared/">
    <File Path="QuantitiesDotNet.Shared/PlatformCapabilities.cs" />
  </Folder>
  <Folder Name="/Solution Items/">
    <File Path="../LICENSE" />
    <File Path="../README.md" />
    <File Path=".editorconfig" />
    <File Path="Directory.Build.props" />
  </Folder>
  <Project Path="QuantitiesDotNet.Generators/QuantitiesDotNet.Generators.csproj" />
  <Project Path="QuantitiesDotNet.Sample/QuantitiesDotNet.Sample.csproj" />
  <Project Path="QuantitiesDotNet.Test/QuantitiesDotNet.Test.csproj" />
  <Project Path="QuantitiesDotNet/QuantitiesDotNet.csproj" />
</Solution>
